{
  "requires": true,
  "lockfileVersion": 1,
  "dependencies": {
    "@types/zen-observable": {
      "version": "0.5.3",
      "resolved": "https://registry.npmjs.org/@types/zen-observable/-/zen-observable-0.5.3.tgz",
      "integrity": "sha512-aDvGDAHcVfUqNmd8q4//cHAP+HGxsbChbBbuk3+kMVk5TTxfWLpQWvVN3+UPjohLnwMYN7jr6BWNn2cYNqdm7g=="
    },
    "apollo-link": {
      "version": "1.1.0",
      "resolved": "https://registry.npmjs.org/apollo-link/-/apollo-link-1.1.0.tgz",
      "integrity": "sha512-8SP3GtYSMpLa6KJaGfgr3NO/wWmB7xLWASQt3Agf08SljGNx3SOt99Yv5VtM8FPs62BoQmESX73IRmtrD1exdA==",
      "requires": {
        "@types/zen-observable": "0.5.3",
        "apollo-utilities": "1.0.8",
        "zen-observable": "0.7.1"
      }
    },
    "apollo-utilities": {
      "version": "1.0.8",
      "resolved": "https://registry.npmjs.org/apollo-utilities/-/apollo-utilities-1.0.8.tgz",
      "integrity": "sha512-EvqRJCw5xy2gWeH37toUimbEkmUxronCosBNE4tOCJvZUMLLGB8CuTQ5RsBhKJm+rZ6kwGxV+2uszk14f/P/rA=="
    },
    "graphql": {
      "version": "0.13.1",
      "resolved": "https://registry.npmjs.org/graphql/-/graphql-0.13.1.tgz",
      "integrity": "sha512-awNp3LTrQ7dJDSX3p3PBuxNDC+WFSOrWeV6+l4Xeh2PQJVOFyQ9SZPonXRz2WZc7aIxLZsf2nDZuuuc0qyEq/A==",
      "requires": {
        "iterall": "1.2.0"
      }
    },
    "iterall": {
      "version": "1.2.0",
      "resolved": "https://registry.npmjs.org/iterall/-/iterall-1.2.0.tgz",
      "integrity": "sha512-FB8k5B8otDib0rFysEP5G/oOY6aBF48Y9crLxyZ43eHsk/SfMVH1JqvzU0badSu/WR5nkk3ihp8VQlyBP3SJxg=="
    },
    "zen-observable": {
      "version": "0.7.1",
      "resolved": "https://registry.npmjs.org/zen-observable/-/zen-observable-0.7.1.tgz",
      "integrity": "sha512-OI6VMSe0yeqaouIXtedC+F55Sr6r9ppS7+wTbSexkYdHbdt4ctTuPNXP/rwm7GTVI63YBc+EBT0b0tl7YnJLRg=="
    }
  }
}
